
Microsoft Visual Studio Solution File, Format Version 12.00
# Visual Studio 2013
VisualStudioVersion = 12.0.31101.0
MinimumVisualStudioVersion = 10.0.40219.1
Project("{FAE04EC0-301F-11D3-BF4B-00C04F79EFBC}") = "SinglyLinkedList", "SinglyLinkedList\SinglyLinkedList.csproj", "{8440ED35-E956-48E0-9018-5C64A3D5F64E}"
EndProject
Project("{FAE04EC0-301F-11D3-BF4B-00C04F79EFBC}") = "SinglyLinkedListTest", "SinglyLinkedListTest\SinglyLinkedListTest.csproj", "{47998025-2E04-4770-9C08-C01BECB632E0}"
EndProject
Global
	GlobalSection(SolutionConfigurationPlatforms) = preSolution
		Debug|Any CPU = Debug|Any CPU
		Release|Any CPU = Release|Any CPU
	EndGlobalSection
	GlobalSection(ProjectConfigurationPlatforms) = postSolution
		{8440ED35-E956-48E0-9018-5C64A3D5F64E}.Debug|Any CPU.ActiveCfg = Debug|Any CPU
		{8440ED35-E956-48E0-9018-5C64A3D5F64E}.Debug|Any CPU.Build.0 = Debug|Any CPU
		{8440ED35-E956-48E0-9018-5C64A3D5F64E}.Release|Any CPU.ActiveCfg = Release|Any CPU
		{8440ED35-E956-48E0-9018-5C64A3D5F64E}.Release|Any CPU.Build.0 = Release|Any CPU
		{47998025-2E04-4770-9C08-C01BECB632E0}.Debug|Any CPU.ActiveCfg = Debug|Any CPU
		{47998025-2E04-4770-9C08-C01BECB632E0}.Debug|Any CPU.Build.0 = Debug|Any CPU
		{47998025-2E04-4770-9C08-C01BECB632E0}.Release|Any CPU.ActiveCfg = Release|Any CPU
		{47998025-2E04-4770-9C08-C01BECB632E0}.Release|Any CPU.Build.0 = Release|Any CPU
	EndGlobalSection
	GlobalSection(SolutionProperties) = preSolution
		HideSolutionNode = FALSE
	EndGlobalSection
EndGlobal
